// !$*UTF8*$!
{
	archiveVersion = 1;
	classes = {
	};
	objectVersion = 50;
	objects = {

/* Begin PBXBuildFile section */
		F326C3E6221CC46E002A881E /* AppDelegate.swift in Sources */ = {isa = PBXBuildFile; fileRef = F326C3E5221CC46E002A881E /* AppDelegate.swift */; };
		F326C3E8221CC46E002A881E /* ViewController.swift in Sources */ = {isa = PBXBuildFile; fileRef = F326C3E7221CC46E002A881E /* ViewController.swift */; };
		F326C3EB221CC46E002A881E /* Main.storyboard in Resources */ = {isa = PBXBuildFile; fileRef = F326C3E9221CC46E002A881E /* Main.storyboard */; };
		F326C3ED221CC470002A881E /* Assets.xcassets in Resources */ = {isa = PBXBuildFile; fileRef = F326C3EC221CC470002A881E /* Assets.xcassets */; };
		F326C3F0221CC470002A881E /* LaunchScreen.storyboard in Resources */ = {isa = PBXBuildFile; fileRef = F326C3EE221CC470002A881E /* LaunchScreen.storyboard */; };
		F326C3FB221CC471002A881E /* TaskListTests.swift in Sources */ = {isa = PBXBuildFile; fileRef = F326C3FA221CC471002A881E /* TaskListTests.swift */; };
		F326C406221CC471002A881E /* TaskListUITests.swift in Sources */ = {isa = PBXBuildFile; fileRef = F326C405221CC471002A881E /* TaskListUITests.swift */; };
/* End PBXBuildFile section */

/* Begin PBXContainerItemProxy section */
		F326C3F7221CC471002A881E /* PBXContainerItemProxy */ = {
			isa = PBXContainerItemProxy;
			containerPortal = F326C3DA221CC46E002A881E /* Project object */;
			proxyType = 1;
			remoteGlobalIDString = F326C3E1221CC46E002A881E;
			remoteInfo = TaskList;
		};
		F326C402221CC471002A881E /* PBXContainerItemProxy */ = {
			isa = PBXContainerItemProxy;
			containerPortal = F326C3DA221CC46E002A881E /* Project object */;
			proxyType = 1;
			remoteGlobalIDString = F326C3E1221CC46E002A881E;
			remoteInfo = TaskList;
		};
/* End PBXContainerItemProxy section */

/* Begin PBXFileReference section */
		F326C3E2221CC46E002A881E /* TaskList.app */ = {isa = PBXFileReference; explicitFileType = wrapper.application; includeInIndex = 0; path = TaskList.app; sourceTree = BUILT_PRODUCTS_DIR; };
		F326C3E5221CC46E002A881E /* AppDelegate.swift */ = {isa = PBXFileReference; lastKnownFileType = sourcecode.swift; path = AppDelegate.swift; sourceTree = "<group>"; };
		F326C3E7221CC46E002A881E /* ViewController.swift */ = {isa = PBXFileReference; lastKnownFileType = sourcecode.swift; path = ViewController.swift; sourceTree = "<group>"; };
		F326C3EA221CC46E002A881E /* Base */ = {isa = PBXFileReference; lastKnownFileType = file.storyboard; name = Base; path = Base.lproj/Main.storyboard; sourceTree = "<group>"; };
		F326C3EC221CC470002A881E /* Assets.xcassets */ = {isa = PBXFileReference; lastKnownFileType = folder.assetcatalog; path = Assets.xcassets; sourceTree = "<group>"; };
		F326C3EF221CC470002A881E /* Base */ = {isa = PBXFileReference; lastKnownFileType = file.storyboard; name = Base; path = Base.lproj/LaunchScreen.storyboard; sourceTree = "<group>"; };
		F326C3F1221CC470002A881E /* Info.plist */ = {isa = PBXFileReference; lastKnownFileType = text.plist.xml; path = Info.plist; sourceTree = "<group>"; };
		F326C3F6221CC471002A881E /* TaskListTests.xctest */ = {isa = PBXFileReference; explicitFileType = wrapper.cfbundle; includeInIndex = 0; path = TaskListTests.xctest; sourceTree = BUILT_PRODUCTS_DIR; };
		F326C3FA221CC471002A881E /* TaskListTests.swift */ = {isa = PBXFileReference; lastKnownFileType = sourcecode.swift; path = TaskListTests.swift; sourceTree = "<group>"; };
		F326C3FC221CC471002A881E /* Info.plist */ = {isa = PBXFileReference; lastKnownFileType = text.plist.xml; path = Info.plist; sourceTree = "<group>"; };
		F326C401221CC471002A881E /* TaskListUITests.xctest */ = {isa = PBXFileReference; explicitFileType = wrapper.cfbundle; includeInIndex = 0; path = TaskListUITests.xctest; sourceTree = BUILT_PRODUCTS_DIR; };
		F326C405221CC471002A881E /* TaskListUITests.swift */ = {isa = PBXFileReference; lastKnownFileType = sourcecode.swift; path = TaskListUITests.swift; sourceTree = "<group>"; };
		F326C407221CC471002A881E /* Info.plist */ = {isa = PBXFileReference; lastKnownFileType = text.plist.xml; path = Info.plist; sourceTree = "<group>"; };
/* End PBXFileReference section */

/* Begin PBXFrameworksBuildPhase section */
		F326C3DF221CC46E002A881E /* Frameworks */ = {
			isa = PBXFrameworksBuildPhase;
			buildActionMask = 2147483647;
			files = (
			);
			runOnlyForDeploymentPostprocessing = 0;
		};
		F326C3F3221CC471002A881E /* Frameworks */ = {
			isa = PBXFrameworksBuildPhase;
			buildActionMask = 2147483647;
			files = (
			);
			runOnlyForDeploymentPostprocessing = 0;
		};
		F326C3FE221CC471002A881E /* Frameworks */ = {
			isa = PBXFrameworksBuildPhase;
			buildActionMask = 2147483647;
			files = (
			);
			runOnlyForDeploymentPostprocessing = 0;
		};
/* End PBXFrameworksBuildPhase section */

/* Begin PBXGroup section */
		F326C3D9221CC46E002A881E = {
			isa = PBXGroup;
			children = (
				F326C3E4221CC46E002A881E /* TaskList */,
				F326C3F9221CC471002A881E /* TaskListTests */,
				F326C404221CC471002A881E /* TaskListUITests */,
				F326C3E3221CC46E002A881E /* Products */,
			);
			sourceTree = "<group>";
		};
		F326C3E3221CC46E002A881E /* Products */ = {
			isa = PBXGroup;
			children = (
				F326C3E2221CC46E002A881E /* TaskList.app */,
				F326C3F6221CC471002A881E /* TaskListTests.xctest */,
				F326C401221CC471002A881E /* TaskListUITests.xctest */,
			);
			name = Products;
			sourceTree = "<group>";
		};
		F326C3E4221CC46E002A881E /* TaskList */ = {
			isa = PBXGroup;
			children = (
				F326C3E5221CC46E002A881E /* AppDelegate.swift */,
				F326C3E7221CC46E002A881E /* ViewController.swift */,
				F326C3E9221CC46E002A881E /* Main.storyboard */,
				F326C3EC221CC470002A881E /* Assets.xcassets */,
				F326C3EE221CC470002A881E /* LaunchScreen.storyboard */,
				F326C3F1221CC470002A881E /* Info.plist */,
			);
			path = TaskList;
			sourceTree = "<group>";
		};
		F326C3F9221CC471002A881E /* TaskListTests */ = {
			isa = PBXGroup;
			children = (
				F326C3FA221CC471002A881E /* TaskListTests.swift */,
				F326C3FC221CC471002A881E /* Info.plist */,
			);
			path = TaskListTests;
			sourceTree = "<group>";
		};
		F326C404221CC471002A881E /* TaskListUITests */ = {
			isa = PBXGroup;
			children = (
				F326C405221CC471002A881E /* TaskListUITests.swift */,
				F326C407221CC471002A881E /* Info.plist */,
			);
			path = TaskListUITests;
			sourceTree = "<group>";
		};
/* End PBXGroup section */

/* Begin PBXNativeTarget section */
		F326C3E1221CC46E002A881E /* TaskList */ = {
			isa = PBXNativeTarget;
			buildConfigurationList = F326C40A221CC471002A881E /* Build configuration list for PBXNativeTarget "TaskList" */;
			buildPhases = (
				F326C3DE221CC46E002A881E /* Sources */,
				F326C3DF221CC46E002A881E /* Frameworks */,
				F326C3E0221CC46E002A881E /* Resources */,
			);
			buildRules = (
			);
			dependencies = (
			);
			name = TaskList;
			productName = TaskList;
			productReference = F326C3E2221CC46E002A881E /* TaskList.app */;
			productType = "com.apple.product-type.application";
		};
		F326C3F5221CC471002A881E /* TaskListTests */ = {
			isa = PBXNativeTarget;
			buildConfigurationList = F326C40D221CC471002A881E /* Build configuration list for PBXNativeTarget "TaskListTests" */;
			buildPhases = (
				F326C3F2221CC471002A881E /* Sources */,
				F326C3F3221CC471002A881E /* Frameworks */,
				F326C3F4221CC471002A881E /* Resources */,
			);
			buildRules = (
			);
			dependencies = (
				F326C3F8221CC471002A881E /* PBXTargetDependency */,
			);
			name = TaskListTests;
			productName = TaskListTests;
			productReference = F326C3F6221CC471002A881E /* TaskListTests.xctest */;
			productType = "com.apple.product-type.bundle.unit-test";
		};
		F326C400221CC471002A881E /* TaskListUITests */ = {
			isa = PBXNativeTarget;
			buildConfigurationList = F326C410221CC471002A881E /* Build configuration list for PBXNativeTarget "TaskListUITests" */;
			buildPhases = (
				F326C3FD221CC471002A881E /* Sources */,
				F326C3FE221CC471002A881E /* Frameworks */,
				F326C3FF221CC471002A881E /* Resources */,
			);
			buildRules = (
			);
			dependencies = (
				F326C403221CC471002A881E /* PBXTargetDependency */,
			);
			name = TaskListUITests;
			productName = TaskListUITests;
			productReference = F326C401221CC471002A881E /* TaskListUITests.xctest */;
			productType = "com.apple.product-type.bundle.ui-testing";
		};
/* End PBXNativeTarget section */

/* Begin PBXProject section */
		F326C3DA221CC46E002A881E /* Project object */ = {
			isa = PBXProject;
			attributes = {
				LastSwiftUpdateCheck = 0940;
				LastUpgradeCheck = 0940;
				ORGANIZATIONNAME = Matthew;
				TargetAttributes = {
					F326C3E1221CC46E002A881E = {
						CreatedOnToolsVersion = 9.4.1;
					};
					F326C3F5221CC471002A881E = {
						CreatedOnToolsVersion = 9.4.1;
						TestTargetID = F326C3E1221CC46E002A881E;
					};
					F326C400221CC471002A881E = {
						CreatedOnToolsVersion = 9.4.1;
						TestTargetID = F326C3E1221CC46E002A881E;
					};
				};
			};
			buildConfigurationList = F326C3DD221CC46E002A881E /* Build configuration list for PBXProject "TaskList" */;
			compatibilityVersion = "Xcode 9.3";
			developmentRegion = en;
			hasScannedForEncodings = 0;
			knownRegions = (
				en,
				Base,
			);
			mainGroup = F326C3D9221CC46E002A881E;
			productRefGroup = F326C3E3221CC46E002A881E /* Products */;
			projectDirPath = "";
			projectRoot = "";
			targets = (
				F326C3E1221CC46E002A881E /* TaskList */,
				F326C3F5221CC471002A881E /* TaskListTests */,
				F326C400221CC471002A881E /* TaskListUITests */,
			);
		};
/* End PBXProject section */

/* Begin PBXResourcesBuildPhase section */
		F326C3E0221CC46E002A881E /* Resources */ = {
			isa = PBXResourcesBuildPhase;
			buildActionMask = 2147483647;
			files = (
				F326C3F0221CC470002A881E /* LaunchScreen.storyboard in Resources */,
				F326C3ED221CC470002A881E /* Assets.xcassets in Resources */,
				F326C3EB221CC46E002A881E /* Main.storyboard in Resources */,
			);
			runOnlyForDeploymentPostprocessing = 0;
		};
		F326C3F4221CC471002A881E /* Resources */ = {
			isa = PBXResourcesBuildPhase;
			buildActionMask = 2147483647;
			files = (
			);
			runOnlyForDeploymentPostprocessing = 0;
		};
		F326C3FF221CC471002A881E /* Resources */ = {
			isa = PBXResourcesBuildPhase;
			buildActionMask = 2147483647;
			files = (
			);
			runOnlyForDeploymentPostprocessing = 0;
		};
/* End PBXResourcesBuildPhase section */

/* Begin PBXSourcesBuildPhase section */
		F326C3DE221CC46E002A881E /* Sources */ = {
			isa = PBXSourcesBuildPhase;
			buildActionMask = 2147483647;
			files = (
				F326C3E8221CC46E002A881E /* ViewController.swift in Sources */,
				F326C3E6221CC46E002A881E /* AppDelegate.swift in Sources */,
			);
			runOnlyForDeploymentPostprocessing = 0;
		};
		F326C3F2221CC471002A881E /* Sources */ = {
			isa = PBXSourcesBuildPhase;
			buildActionMask = 2147483647;
			files = (
				F326C3FB221CC471002A881E /* TaskListTests.swift in Sources */,
			);
			runOnlyForDeploymentPostprocessing = 0;
		};
		F326C3FD221CC471002A881E /* Sources */ = {
			isa = PBXSourcesBuildPhase;
			buildActionMask = 2147483647;
			files = (
				F326C406221CC471002A881E /* TaskListUITests.swift in Sources */,
			);
			runOnlyForDeploymentPostprocessing = 0;
		};
/* End PBXSourcesBuildPhase section */

/* Begin PBXTargetDependency section */
		F326C3F8221CC471002A881E /* PBXTargetDependency */ = {
			isa = PBXTargetDependency;
			target = F326C3E1221CC46E002A881E /* TaskList */;
			targetProxy = F326C3F7221CC471002A881E /* PBXContainerItemProxy */;
		};
		F326C403221CC471002A881E /* PBXTargetDependency */ = {
			isa = PBXTargetDependency;
			target = F326C3E1221CC46E002A881E /* TaskList */;
			targetProxy = F326C402221CC471002A881E /* PBXContainerItemProxy */;
		};
/* End PBXTargetDependency section */

/* Begin PBXVariantGroup section */
		F326C3E9221CC46E002A881E /* Main.storyboard */ = {
			isa = PBXVariantGroup;
			children = (
				F326C3EA221CC46E002A881E /* Base */,
			);
			name = Main.storyboard;
			sourceTree = "<group>";
		};
		F326C3EE221CC470002A881E /* LaunchScreen.storyboard */ = {
			isa = PBXVariantGroup;
			children = (
				F326C3EF221CC470002A881E /* Base */,
			);
			name = LaunchScreen.storyboard;
			sourceTree = "<group>";
		};
/* End PBXVariantGroup section */

/* Begin XCBuildConfiguration section */
		F326C408221CC471002A881E /* Debug */ = {
			isa = XCBuildConfiguration;
			buildSettings = {
				ALWAYS_SEARCH_USER_PATHS = NO;
				CLANG_ANALYZER_NONNULL = YES;
				CLANG_ANALYZER_NUMBER_OBJECT_CONVERSION = YES_AGGRESSIVE;
				CLANG_CXX_LANGUAGE_STANDARD = "gnu++14";
				CLANG_CXX_LIBRARY = "libc++";
				CLANG_ENABLE_MODULES = YES;
				CLANG_ENABLE_OBJC_ARC = YES;
				CLANG_ENABLE_OBJC_WEAK = YES;
				CLANG_WARN_BLOCK_CAPTURE_AUTORELEASING = YES;
				CLANG_WARN_BOOL_CONVERSION = YES;
				CLANG_WARN_COMMA = YES;
				CLANG_WARN_CONSTANT_CONVERSION = YES;
				CLANG_WARN_DEPRECATED_OBJC_IMPLEMENTATIONS = YES;
				CLANG_WARN_DIRECT_OBJC_ISA_USAGE = YES_ERROR;
				CLANG_WARN_DOCUMENTATION_COMMENTS = YES;
				CLANG_WARN_EMPTY_BODY = YES;
				CLANG_WARN_ENUM_CONVERSION = YES;
				CLANG_WARN_INFINITE_RECURSION = YES;
				CLANG_WARN_INT_CONVERSION = YES;
				CLANG_WARN_NON_LITERAL_NULL_CONVERSION = YES;
				CLANG_WARN_OBJC_IMPLICIT_RETAIN_SELF = YES;
				CLANG_WARN_OBJC_LITERAL_CONVERSION = YES;
				CLANG_WARN_OBJC_ROOT_CLASS = YES_ERROR;
				CLANG_WARN_RANGE_LOOP_ANALYSIS = YES;
				CLANG_WARN_STRICT_PROTOTYPES = YES;
				CLANG_WARN_SUSPICIOUS_MOVE = YES;
				CLANG_WARN_UNGUARDED_AVAILABILITY = YES_AGGRESSIVE;
				CLANG_WARN_UNREACHABLE_CODE = YES;
				CLANG_WARN__DUPLICATE_METHOD_MATCH = YES;
				CODE_SIGN_IDENTITY = "iPhone Developer";
				COPY_PHASE_STRIP = NO;
				DEBUG_INFORMATION_FORMAT = dwarf;
				ENABLE_STRICT_OBJC_MSGSEND = YES;
				ENABLE_TESTABILITY = YES;
				GCC_C_LANGUAGE_STANDARD = gnu11;
				GCC_DYNAMIC_NO_PIC = NO;
				GCC_NO_COMMON_BLOCKS = YES;
				GCC_OPTIMIZATION_LEVEL = 0;
				GCC_PREPROCESSOR_DEFINITIONS = (
					"DEBUG=1",
					"$(inherited)",
				);
				GCC_WARN_64_TO_32_BIT_CONVERSION = YES;
				GCC_WARN_ABOUT_RETURN_TYPE = YES_ERROR;
				GCC_WARN_UNDECLARED_SELECTOR = YES;
				GCC_WARN_UNINITIALIZED_AUTOS = YES_AGGRESSIVE;
				GCC_WARN_UNUSED_FUNCTION = YES;
				GCC_WARN_UNUSED_VARIABLE = YES;
				IPHONEOS_DEPLOYMENT_TARGET = 11.4;
				MTL_ENABLE_DEBUG_INFO = YES;
				ONLY_ACTIVE_ARCH = YES;
				SDKROOT = iphoneos;
				SWIFT_ACTIVE_COMPILATION_CONDITIONS = DEBUG;
				SWIFT_OPTIMIZATION_LEVEL = "-Onone";
			};
			name = Debug;
		};
		F326C409221CC471002A881E /* Release */ = {
			isa = XCBuildConfiguration;
			buildSettings = {
				ALWAYS_SEARCH_USER_PATHS = NO;
				CLANG_ANALYZER_NONNULL = YES;
				CLANG_ANALYZER_NUMBER_OBJECT_CONVERSION = YES_AGGRESSIVE;
				CLANG_CXX_LANGUAGE_STANDARD = "gnu++14";
				CLANG_CXX_LIBRARY = "libc++";
				CLANG_ENABLE_MODULES = YES;
				CLANG_ENABLE_OBJC_ARC = YES;
				CLANG_ENABLE_OBJC_WEAK = YES;
				CLANG_WARN_BLOCK_CAPTURE_AUTORELEASING = YES;
				CLANG_WARN_BOOL_CONVERSION = YES;
				CLANG_WARN_COMMA = YES;
				CLANG_WARN_CONSTANT_CONVERSION = YES;
				CLANG_WARN_DEPRECATED_OBJC_IMPLEMENTATIONS = YES;
				CLANG_WARN_DIRECT_OBJC_ISA_USAGE = YES_ERROR;
				CLANG_WARN_DOCUMENTATION_COMMENTS = YES;
				CLANG_WARN_EMPTY_BODY = YES;
				CLANG_WARN_ENUM_CONVERSION = YES;
				CLANG_WARN_INFINITE_RECURSION = YES;
				CLANG_WARN_INT_CONVERSION = YES;
				CLANG_WARN_NON_LITERAL_NULL_CONVERSION = YES;
				CLANG_WARN_OBJC_IMPLICIT_RETAIN_SELF = YES;
				CLANG_WARN_OBJC_LITERAL_CONVERSION = YES;
				CLANG_WARN_OBJC_ROOT_CLASS = YES_ERROR;
				CLANG_WARN_RANGE_LOOP_ANALYSIS = YES;
				CLANG_WARN_STRICT_PROTOTYPES = YES;
				CLANG_WARN_SUSPICIOUS_MOVE = YES;
				CLANG_WARN_UNGUARDED_AVAILABILITY = YES_AGGRESSIVE;
				CLANG_WARN_UNREACHABLE_CODE = YES;
				CLANG_WARN__DUPLICATE_METHOD_MATCH = YES;
				CODE_SIGN_IDENTITY = "iPhone Developer";
				COPY_PHASE_STRIP = NO;
				DEBUG_INFORMATION_FORMAT = "dwarf-with-dsym";
				ENABLE_NS_ASSERTIONS = NO;
				ENABLE_STRICT_OBJC_MSGSEND = YES;
				GCC_C_LANGUAGE_STANDARD = gnu11;
				GCC_NO_COMMON_BLOCKS = YES;
				GCC_WARN_64_TO_32_BIT_CONVERSION = YES;
				GCC_WARN_ABOUT_RETURN_TYPE = YES_ERROR;
				GCC_WARN_UNDECLARED_SELECTOR = YES;
				GCC_WARN_UNINITIALIZED_AUTOS = YES_AGGRESSIVE;
				GCC_WARN_UNUSED_FUNCTION = YES;
				GCC_WARN_UNUSED_VARIABLE = YES;
				IPHONEOS_DEPLOYMENT_TARGET = 11.4;
				MTL_ENABLE_DEBUG_INFO = NO;
				SDKROOT = iphoneos;
				SWIFT_COMPILATION_MODE = wholemodule;
				SWIFT_OPTIMIZATION_LEVEL = "-O";
				VALIDATE_PRODUCT = YES;
			};
			name = Release;
		};
		F326C40B221CC471002A881E /* Debug */ = {
			isa = XCBuildConfiguration;
			buildSettings = {
				ASSETCATALOG_COMPILER_APPICON_NAME = AppIcon;
				CODE_SIGN_STYLE = Automatic;
				INFOPLIST_FILE = TaskList/Info.plist;
				LD_RUNPATH_SEARCH_PATHS = (
					"$(inherited)",
					"@executable_path/Frameworks",
				);
				PRODUCT_BUNDLE_IDENTIFIER = Matthew.TaskList;
				PRODUCT_NAME = "$(TARGET_NAME)";
				SWIFT_VERSION = 4.0;
				TARGETED_DEVICE_FAMILY = "1,2";
			};
			name = Debug;
		};
		F326C40C221CC471002A881E /* Release */ = {
			isa = XCBuildConfiguration;
			buildSettings = {
				ASSETCATALOG_COMPILER_APPICON_NAME = AppIcon;
				CODE_SIGN_STYLE = Automatic;
				INFOPLIST_FILE = TaskList/Info.plist;
				LD_RUNPATH_SEARCH_PATHS = (
					"$(inherited)",
					"@executable_path/Frameworks",
				);
				PRODUCT_BUNDLE_IDENTIFIER = Matthew.TaskList;
				PRODUCT_NAME = "$(TARGET_NAME)";
				SWIFT_VERSION = 4.0;
				TARGETED_DEVICE_FAMILY = "1,2";
			};
			name = Release;
		};
		F326C40E221CC471002A881E /* Debug */ = {
			isa = XCBuildConfiguration;
			buildSettings = {
				ALWAYS_EMBED_SWIFT_STANDARD_LIBRARIES = YES;
				BUNDLE_LOADER = "$(TEST_HOST)";
				CODE_SIGN_STYLE = Automatic;
				INFOPLIST_FILE = TaskListTests/Info.plist;
				LD_RUNPATH_SEARCH_PATHS = (
					"$(inherited)",
					"@executable_path/Frameworks",
					"@loader_path/Frameworks",
				);
				PRODUCT_BUNDLE_IDENTIFIER = Matthew.TaskListTests;
				PRODUCT_NAME = "$(TARGET_NAME)";
				SWIFT_VERSION = 4.0;
				TARGETED_DEVICE_FAMILY = "1,2";
				TEST_HOST = "$(BUILT_PRODUCTS_DIR)/TaskList.app/TaskList";
			};
			name = Debug;
		};
		F326C40F221CC471002A881E /* Release */ = {
			isa = XCBuildConfiguration;
			buildSettings = {
				ALWAYS_EMBED_SWIFT_STANDARD_LIBRARIES = YES;
				BUNDLE_LOADER = "$(TEST_HOST)";
				CODE_SIGN_STYLE = Automatic;
				INFOPLIST_FILE = TaskListTests/Info.plist;
				LD_RUNPATH_SEARCH_PATHS = (
					"$(inherited)",
					"@executable_path/Frameworks",
					"@loader_path/Frameworks",
				);
				PRODUCT_BUNDLE_IDENTIFIER = Matthew.TaskListTests;
				PRODUCT_NAME = "$(TARGET_NAME)";
				SWIFT_VERSION = 4.0;
				TARGETED_DEVICE_FAMILY = "1,2";
				TEST_HOST = "$(BUILT_PRODUCTS_DIR)/TaskList.app/TaskList";
			};
			name = Release;
		};
		F326C411221CC471002A881E /* Debug */ = {
			isa = XCBuildConfiguration;
			buildSettings = {
				ALWAYS_EMBED_SWIFT_STANDARD_LIBRARIES = YES;
				CODE_SIGN_STYLE = Automatic;
				INFOPLIST_FILE = TaskListUITests/Info.plist;
				LD_RUNPATH_SEARCH_PATHS = (
					"$(inherited)",
					"@executable_path/Frameworks",
					"@loader_path/Frameworks",
				);
				PRODUCT_BUNDLE_IDENTIFIER = Matthew.TaskListUITests;
				PRODUCT_NAME = "$(TARGET_NAME)";
				SWIFT_VERSION = 4.0;
				TARGETED_DEVICE_FAMILY = "1,2";
				TEST_TARGET_NAME = TaskList;
			};
			name = Debug;
		};
		F326C412221CC471002A881E /* Release */ = {
			isa = XCBuildConfiguration;
			buildSettings = {
				ALWAYS_EMBED_SWIFT_STANDARD_LIBRARIES = YES;
				CODE_SIGN_STYLE = Automatic;
				INFOPLIST_FILE = TaskListUITests/Info.plist;
				LD_RUNPATH_SEARCH_PATHS = (
					"$(inherited)",
					"@executable_path/Frameworks",
					"@loader_path/Frameworks",
				);
				PRODUCT_BUNDLE_IDENTIFIER = Matthew.TaskListUITests;
				PRODUCT_NAME = "$(TARGET_NAME)";
				SWIFT_VERSION = 4.0;
				TARGETED_DEVICE_FAMILY = "1,2";
				TEST_TARGET_NAME = TaskList;
			};
			name = Release;
		};
/* End XCBuildConfiguration section */

/* Begin XCConfigurationList section */
		F326C3DD221CC46E002A881E /* Build configuration list for PBXProject "TaskList" */ = {
			isa = XCConfigurationList;
			buildConfigurations = (
				F326C408221CC471002A881E /* Debug */,
				F326C409221CC471002A881E /* Release */,
			);
			defaultConfigurationIsVisible = 0;
			defaultConfigurationName = Release;
		};
		F326C40A221CC471002A881E /* Build configuration list for PBXNativeTarget "TaskList" */ = {
			isa = XCConfigurationList;
			buildConfigurations = (
				F326C40B221CC471002A881E /* Debug */,
				F326C40C221CC471002A881E /* Release */,
			);
			defaultConfigurationIsVisible = 0;
			defaultConfigurationName = Release;
		};
		F326C40D221CC471002A881E /* Build configuration list for PBXNativeTarget "TaskListTests" */ = {
			isa = XCConfigurationList;
			buildConfigurations = (
				F326C40E221CC471002A881E /* Debug */,
				F326C40F221CC471002A881E /* Release */,
			);
			defaultConfigurationIsVisible = 0;
			defaultConfigurationName = Release;
		};
		F326C410221CC471002A881E /* Build configuration list for PBXNativeTarget "TaskListUITests" */ = {
			isa = XCConfigurationList;
			buildConfigurations = (
				F326C411221CC471002A881E /* Debug */,
				F326C412221CC471002A881E /* Release */,
			);
			defaultConfigurationIsVisible = 0;
			defaultConfigurationName = Release;
		};
/* End XCConfigurationList section */
	};
	rootObject = F326C3DA221CC46E002A881E /* Project object */;
}
